
Microsoft Visual Studio Solution File, Format Version 12.00
# Visual Studio 14
VisualStudioVersion = 14.0.23107.0
MinimumVisualStudioVersion = 10.0.40219.1
Project("{FAE04EC0-301F-11D3-BF4B-00C04F79EFBC}") = "ParallelLocal", "ParallelLocal\ParallelLocal.csproj", "{2DF1ECB2-9D38-48DE-BE47-3E66014468DC}"
EndProject
Project("{FAE04EC0-301F-11D3-BF4B-00C04F79EFBC}") = "BrowserStackParallelTests", "BrowserStackParallelTests\BrowserStackParallelTests.csproj", "{3D6DD3D2-5CD4-49EE-A763-DF4B8ADFD3AF}"
EndProject
Project("{FAE04EC0-301F-11D3-BF4B-00C04F79EFBC}") = "SauceLabsParallelTests", "SauceLabsParallelTests\SauceLabsParallelTests.csproj", "{18239345-BB62-4CE0-9953-9D271CF493DD}"
EndProject
Global
	GlobalSection(SolutionConfigurationPlatforms) = preSolution
		Debug|Any CPU = Debug|Any CPU
		Release|Any CPU = Release|Any CPU
	EndGlobalSection
	GlobalSection(ProjectConfigurationPlatforms) = postSolution
		{2DF1ECB2-9D38-48DE-BE47-3E66014468DC}.Debug|Any CPU.ActiveCfg = Debug|Any CPU
		{2DF1ECB2-9D38-48DE-BE47-3E66014468DC}.Debug|Any CPU.Build.0 = Debug|Any CPU
		{2DF1ECB2-9D38-48DE-BE47-3E66014468DC}.Release|Any CPU.ActiveCfg = Release|Any CPU
		{2DF1ECB2-9D38-48DE-BE47-3E66014468DC}.Release|Any CPU.Build.0 = Release|Any CPU
		{3D6DD3D2-5CD4-49EE-A763-DF4B8ADFD3AF}.Debug|Any CPU.ActiveCfg = Debug|Any CPU
		{3D6DD3D2-5CD4-49EE-A763-DF4B8ADFD3AF}.Debug|Any CPU.Build.0 = Debug|Any CPU
		{3D6DD3D2-5CD4-49EE-A763-DF4B8ADFD3AF}.Release|Any CPU.ActiveCfg = Release|Any CPU
		{3D6DD3D2-5CD4-49EE-A763-DF4B8ADFD3AF}.Release|Any CPU.Build.0 = Release|Any CPU
		{18239345-BB62-4CE0-9953-9D271CF493DD}.Debug|Any CPU.ActiveCfg = Debug|Any CPU
		{18239345-BB62-4CE0-9953-9D271CF493DD}.Debug|Any CPU.Build.0 = Debug|Any CPU
		{18239345-BB62-4CE0-9953-9D271CF493DD}.Release|Any CPU.ActiveCfg = Release|Any CPU
		{18239345-BB62-4CE0-9953-9D271CF493DD}.Release|Any CPU.Build.0 = Release|Any CPU
	EndGlobalSection
	GlobalSection(SolutionProperties) = preSolution
		HideSolutionNode = FALSE
	EndGlobalSection
EndGlobal
